// !$*UTF8*$!
{
	archiveVersion = 1;
	classes = {
	};
	objectVersion = 55;
	objects = {

/* Begin PBXBuildFile section */
		6DAE7DC1572FDC36BD8D9242 /* Pods_TrendingRepositories.framework in Frameworks */ = {isa = PBXBuildFile; fileRef = B25D0101454DE53257D2641A /* Pods_TrendingRepositories.framework */; };
		D20F64C9272E13AD0083D74C /* TrendingReposLayout.swift in Sources */ = {isa = PBXBuildFile; fileRef = D20F64C8272E13AD0083D74C /* TrendingReposLayout.swift */; };
		D20F64CD272E7DAA0083D74C /* TitleSectionHeader.swift in Sources */ = {isa = PBXBuildFile; fileRef = D20F64CC272E7DAA0083D74C /* TitleSectionHeader.swift */; };
		D20F64CF272E7DDC0083D74C /* TitleSectionHeader.xib in Resources */ = {isa = PBXBuildFile; fileRef = D20F64CE272E7DDC0083D74C /* TitleSectionHeader.xib */; };
		D23EF0B5272C55C1003E0AFD /* ReposListController.swift in Sources */ = {isa = PBXBuildFile; fileRef = D23EF0B4272C55C1003E0AFD /* ReposListController.swift */; };
		D23EF0B7272C92F6003E0AFD /* Github.swift in Sources */ = {isa = PBXBuildFile; fileRef = D23EF0B6272C92F6003E0AFD /* Github.swift */; };
		D23EF0B9272C98F7003E0AFD /* Date+Ext.swift in Sources */ = {isa = PBXBuildFile; fileRef = D23EF0B8272C98F7003E0AFD /* Date+Ext.swift */; };
		D23EF0BC272D3642003E0AFD /* RepoCollectionViewCell.swift in Sources */ = {isa = PBXBuildFile; fileRef = D23EF0BB272D3642003E0AFD /* RepoCollectionViewCell.swift */; };
		D23EF0BF272D37D0003E0AFD /* Repository.swift in Sources */ = {isa = PBXBuildFile; fileRef = D23EF0BE272D37D0003E0AFD /* Repository.swift */; };
		D23EF0C1272D3CE9003E0AFD /* CodableResponses.swift in Sources */ = {isa = PBXBuildFile; fileRef = D23EF0C0272D3CE9003E0AFD /* CodableResponses.swift */; };
		D23EF0C3272D413F003E0AFD /* RepoCollectionViewCell.xib in Resources */ = {isa = PBXBuildFile; fileRef = D23EF0C2272D413F003E0AFD /* RepoCollectionViewCell.xib */; };
		D23EF0C5272D486A003E0AFD /* UICollectionView+Ext.swift in Sources */ = {isa = PBXBuildFile; fileRef = D23EF0C4272D486A003E0AFD /* UICollectionView+Ext.swift */; };
		D23EF0C7272D48F8003E0AFD /* ClassName.swift in Sources */ = {isa = PBXBuildFile; fileRef = D23EF0C6272D48F8003E0AFD /* ClassName.swift */; };
		D23EF0CB272D5062003E0AFD /* BaseViewModel.swift in Sources */ = {isa = PBXBuildFile; fileRef = D23EF0CA272D5062003E0AFD /* BaseViewModel.swift */; };
		D23EF0CD272D5647003E0AFD /* TrendingReposViewModel.swift in Sources */ = {isa = PBXBuildFile; fileRef = D23EF0CC272D5647003E0AFD /* TrendingReposViewModel.swift */; };
		D23EF0CF272D5A38003E0AFD /* FavoriteReposViewModel.swift in Sources */ = {isa = PBXBuildFile; fileRef = D23EF0CE272D5A38003E0AFD /* FavoriteReposViewModel.swift */; };
		D23EF0D4272D6559003E0AFD /* SearchBarHeader.swift in Sources */ = {isa = PBXBuildFile; fileRef = D23EF0D3272D6559003E0AFD /* SearchBarHeader.swift */; };
		D23EF0D6272D6577003E0AFD /* SearchBarHeader.xib in Resources */ = {isa = PBXBuildFile; fileRef = D23EF0D5272D6577003E0AFD /* SearchBarHeader.xib */; };
		D23EF0DA272D72EC003E0AFD /* UIImageView+Ext.swift in Sources */ = {isa = PBXBuildFile; fileRef = D23EF0D9272D72EC003E0AFD /* UIImageView+Ext.swift */; };
		D24E1644272D8F1400916729 /* UserDefaults+Ext.swift in Sources */ = {isa = PBXBuildFile; fileRef = D24E1643272D8F1400916729 /* UserDefaults+Ext.swift */; };
		D24E1646272D9BE800916729 /* IndexPath+Ext.swift in Sources */ = {isa = PBXBuildFile; fileRef = D24E1645272D9BE800916729 /* IndexPath+Ext.swift */; };
		D24E164E272DB01A00916729 /* ToastView.xib in Resources */ = {isa = PBXBuildFile; fileRef = D24E164D272DB01900916729 /* ToastView.xib */; };
		D24E1650272DB02500916729 /* ToastView.swift in Sources */ = {isa = PBXBuildFile; fileRef = D24E164F272DB02500916729 /* ToastView.swift */; };
		D2C350B9272E91CC007BBB51 /* ReposListViewModel.swift in Sources */ = {isa = PBXBuildFile; fileRef = D2C350B8272E91CC007BBB51 /* ReposListViewModel.swift */; };
		D2F38B4A272C1A1F009DE6D6 /* Assets.xcassets in Resources */ = {isa = PBXBuildFile; fileRef = D2F7F22B272BEC24004D883E /* Assets.xcassets */; };
		D2F38B4D272C1C44009DE6D6 /* MainTabBarController.swift in Sources */ = {isa = PBXBuildFile; fileRef = D2F38B4C272C1C44009DE6D6 /* MainTabBarController.swift */; };
		D2F38B53272C21EF009DE6D6 /* UIViewController+Ext.swift in Sources */ = {isa = PBXBuildFile; fileRef = D2F38B52272C21EF009DE6D6 /* UIViewController+Ext.swift */; };
		D2F38B56272C22F7009DE6D6 /* K.swift in Sources */ = {isa = PBXBuildFile; fileRef = D2F38B55272C22F7009DE6D6 /* K.swift */; };
		D2F38B5B272C28F7009DE6D6 /* TrendingCoordinator.swift in Sources */ = {isa = PBXBuildFile; fileRef = D2F38B5A272C28F7009DE6D6 /* TrendingCoordinator.swift */; };
		D2F38B5D272C290C009DE6D6 /* FavoritesCoordinator.swift in Sources */ = {isa = PBXBuildFile; fileRef = D2F38B5C272C290C009DE6D6 /* FavoritesCoordinator.swift */; };
		D2F38B5F272C2F82009DE6D6 /* TrendingReposController.swift in Sources */ = {isa = PBXBuildFile; fileRef = D2F38B5E272C2F82009DE6D6 /* TrendingReposController.swift */; };
		D2F38B61272C2F90009DE6D6 /* FavoriteReposController.swift in Sources */ = {isa = PBXBuildFile; fileRef = D2F38B60272C2F90009DE6D6 /* FavoriteReposController.swift */; };
		D2F38B65272C4234009DE6D6 /* UIView+Ext.swift in Sources */ = {isa = PBXBuildFile; fileRef = D2F38B64272C4234009DE6D6 /* UIView+Ext.swift */; };
		D2F7F223272BEC22004D883E /* AppDelegate.swift in Sources */ = {isa = PBXBuildFile; fileRef = D2F7F222272BEC22004D883E /* AppDelegate.swift */; };
		D2F7F225272BEC22004D883E /* SceneDelegate.swift in Sources */ = {isa = PBXBuildFile; fileRef = D2F7F224272BEC22004D883E /* SceneDelegate.swift */; };
		D2F7F22A272BEC22004D883E /* Main.storyboard in Resources */ = {isa = PBXBuildFile; fileRef = D2F7F228272BEC22004D883E /* Main.storyboard */; };
		D2F7F22F272BEC24004D883E /* LaunchScreen.storyboard in Resources */ = {isa = PBXBuildFile; fileRef = D2F7F22D272BEC24004D883E /* LaunchScreen.storyboard */; };
		D2F7F23E272BF215004D883E /* Coordinator.swift in Sources */ = {isa = PBXBuildFile; fileRef = D2F7F23D272BF215004D883E /* Coordinator.swift */; };
		D2F7F241272BF597004D883E /* AppCoordinator.swift in Sources */ = {isa = PBXBuildFile; fileRef = D2F7F240272BF597004D883E /* AppCoordinator.swift */; };
/* End PBXBuildFile section */

/* Begin PBXFileReference section */
		AD94457CFF63393EEDDB8B6A /* Pods-TrendingRepositories.debug.xcconfig */ = {isa = PBXFileReference; includeInIndex = 1; lastKnownFileType = text.xcconfig; name = "Pods-TrendingRepositories.debug.xcconfig"; path = "Target Support Files/Pods-TrendingRepositories/Pods-TrendingRepositories.debug.xcconfig"; sourceTree = "<group>"; };
		B25D0101454DE53257D2641A /* Pods_TrendingRepositories.framework */ = {isa = PBXFileReference; explicitFileType = wrapper.framework; includeInIndex = 0; path = Pods_TrendingRepositories.framework; sourceTree = BUILT_PRODUCTS_DIR; };
		D20F64C8272E13AD0083D74C /* TrendingReposLayout.swift */ = {isa = PBXFileReference; lastKnownFileType = sourcecode.swift; path = TrendingReposLayout.swift; sourceTree = "<group>"; };
		D20F64CC272E7DAA0083D74C /* TitleSectionHeader.swift */ = {isa = PBXFileReference; lastKnownFileType = sourcecode.swift; path = TitleSectionHeader.swift; sourceTree = "<group>"; };
		D20F64CE272E7DDC0083D74C /* TitleSectionHeader.xib */ = {isa = PBXFileReference; lastKnownFileType = file.xib; path = TitleSectionHeader.xib; sourceTree = "<group>"; };
		D23EF0B4272C55C1003E0AFD /* ReposListController.swift */ = {isa = PBXFileReference; lastKnownFileType = sourcecode.swift; path = ReposListController.swift; sourceTree = "<group>"; };
		D23EF0B6272C92F6003E0AFD /* Github.swift */ = {isa = PBXFileReference; lastKnownFileType = sourcecode.swift; path = Github.swift; sourceTree = "<group>"; };
		D23EF0B8272C98F7003E0AFD /* Date+Ext.swift */ = {isa = PBXFileReference; lastKnownFileType = sourcecode.swift; path = "Date+Ext.swift"; sourceTree = "<group>"; };
		D23EF0BB272D3642003E0AFD /* RepoCollectionViewCell.swift */ = {isa = PBXFileReference; lastKnownFileType = sourcecode.swift; path = RepoCollectionViewCell.swift; sourceTree = "<group>"; };
		D23EF0BE272D37D0003E0AFD /* Repository.swift */ = {isa = PBXFileReference; lastKnownFileType = sourcecode.swift; path = Repository.swift; sourceTree = "<group>"; };
		D23EF0C0272D3CE9003E0AFD /* CodableResponses.swift */ = {isa = PBXFileReference; lastKnownFileType = sourcecode.swift; path = CodableResponses.swift; sourceTree = "<group>"; };
		D23EF0C2272D413F003E0AFD /* RepoCollectionViewCell.xib */ = {isa = PBXFileReference; lastKnownFileType = file.xib; path = RepoCollectionViewCell.xib; sourceTree = "<group>"; };
		D23EF0C4272D486A003E0AFD /* UICollectionView+Ext.swift */ = {isa = PBXFileReference; lastKnownFileType = sourcecode.swift; path = "UICollectionView+Ext.swift"; sourceTree = "<group>"; };
		D23EF0C6272D48F8003E0AFD /* ClassName.swift */ = {isa = PBXFileReference; lastKnownFileType = sourcecode.swift; path = ClassName.swift; sourceTree = "<group>"; };
		D23EF0CA272D5062003E0AFD /* BaseViewModel.swift */ = {isa = PBXFileReference; lastKnownFileType = sourcecode.swift; path = BaseViewModel.swift; sourceTree = "<group>"; };
		D23EF0CC272D5647003E0AFD /* TrendingReposViewModel.swift */ = {isa = PBXFileReference; lastKnownFileType = sourcecode.swift; path = TrendingReposViewModel.swift; sourceTree = "<group>"; };
		D23EF0CE272D5A38003E0AFD /* FavoriteReposViewModel.swift */ = {isa = PBXFileReference; lastKnownFileType = sourcecode.swift; path = FavoriteReposViewModel.swift; sourceTree = "<group>"; };
		D23EF0D3272D6559003E0AFD /* SearchBarHeader.swift */ = {isa = PBXFileReference; lastKnownFileType = sourcecode.swift; path = SearchBarHeader.swift; sourceTree = "<group>"; };
		D23EF0D5272D6577003E0AFD /* SearchBarHeader.xib */ = {isa = PBXFileReference; lastKnownFileType = file.xib; path = SearchBarHeader.xib; sourceTree = "<group>"; };
		D23EF0D9272D72EC003E0AFD /* UIImageView+Ext.swift */ = {isa = PBXFileReference; lastKnownFileType = sourcecode.swift; path = "UIImageView+Ext.swift"; sourceTree = "<group>"; };
		D24E1643272D8F1400916729 /* UserDefaults+Ext.swift */ = {isa = PBXFileReference; lastKnownFileType = sourcecode.swift; path = "UserDefaults+Ext.swift"; sourceTree = "<group>"; };
		D24E1645272D9BE800916729 /* IndexPath+Ext.swift */ = {isa = PBXFileReference; lastKnownFileType = sourcecode.swift; path = "IndexPath+Ext.swift"; sourceTree = "<group>"; };
		D24E164D272DB01900916729 /* ToastView.xib */ = {isa = PBXFileReference; lastKnownFileType = file.xib; path = ToastView.xib; sourceTree = "<group>"; };
		D24E164F272DB02500916729 /* ToastView.swift */ = {isa = PBXFileReference; lastKnownFileType = sourcecode.swift; path = ToastView.swift; sourceTree = "<group>"; };
		D2C350B8272E91CC007BBB51 /* ReposListViewModel.swift */ = {isa = PBXFileReference; lastKnownFileType = sourcecode.swift; path = ReposListViewModel.swift; sourceTree = "<group>"; };
		D2F38B4C272C1C44009DE6D6 /* MainTabBarController.swift */ = {isa = PBXFileReference; lastKnownFileType = sourcecode.swift; path = MainTabBarController.swift; sourceTree = "<group>"; };
		D2F38B52272C21EF009DE6D6 /* UIViewController+Ext.swift */ = {isa = PBXFileReference; lastKnownFileType = sourcecode.swift; path = "UIViewController+Ext.swift"; sourceTree = "<group>"; };
		D2F38B55272C22F7009DE6D6 /* K.swift */ = {isa = PBXFileReference; lastKnownFileType = sourcecode.swift; path = K.swift; sourceTree = "<group>"; };
		D2F38B5A272C28F7009DE6D6 /* TrendingCoordinator.swift */ = {isa = PBXFileReference; lastKnownFileType = sourcecode.swift; path = TrendingCoordinator.swift; sourceTree = "<group>"; };
		D2F38B5C272C290C009DE6D6 /* FavoritesCoordinator.swift */ = {isa = PBXFileReference; lastKnownFileType = sourcecode.swift; path = FavoritesCoordinator.swift; sourceTree = "<group>"; };
		D2F38B5E272C2F82009DE6D6 /* TrendingReposController.swift */ = {isa = PBXFileReference; lastKnownFileType = sourcecode.swift; path = TrendingReposController.swift; sourceTree = "<group>"; };
		D2F38B60272C2F90009DE6D6 /* FavoriteReposController.swift */ = {isa = PBXFileReference; lastKnownFileType = sourcecode.swift; path = FavoriteReposController.swift; sourceTree = "<group>"; };
		D2F38B64272C4234009DE6D6 /* UIView+Ext.swift */ = {isa = PBXFileReference; lastKnownFileType = sourcecode.swift; path = "UIView+Ext.swift"; sourceTree = "<group>"; };
		D2F7F21F272BEC22004D883E /* TrendingRepositories.app */ = {isa = PBXFileReference; explicitFileType = wrapper.application; includeInIndex = 0; path = TrendingRepositories.app; sourceTree = BUILT_PRODUCTS_DIR; };
		D2F7F222272BEC22004D883E /* AppDelegate.swift */ = {isa = PBXFileReference; lastKnownFileType = sourcecode.swift; path = AppDelegate.swift; sourceTree = "<group>"; };
		D2F7F224272BEC22004D883E /* SceneDelegate.swift */ = {isa = PBXFileReference; lastKnownFileType = sourcecode.swift; path = SceneDelegate.swift; sourceTree = "<group>"; };
		D2F7F229272BEC22004D883E /* Base */ = {isa = PBXFileReference; lastKnownFileType = file.storyboard; name = Base; path = Base.lproj/Main.storyboard; sourceTree = "<group>"; };
		D2F7F22B272BEC24004D883E /* Assets.xcassets */ = {isa = PBXFileReference; lastKnownFileType = folder.assetcatalog; name = Assets.xcassets; path = TrendingRepositories/Resources/Assets.xcassets; sourceTree = SOURCE_ROOT; };
		D2F7F22E272BEC24004D883E /* Base */ = {isa = PBXFileReference; lastKnownFileType = file.storyboard; name = Base; path = Base.lproj/LaunchScreen.storyboard; sourceTree = "<group>"; };
		D2F7F230272BEC24004D883E /* Info.plist */ = {isa = PBXFileReference; lastKnownFileType = text.plist.xml; path = Info.plist; sourceTree = "<group>"; };
		D2F7F23D272BF215004D883E /* Coordinator.swift */ = {isa = PBXFileReference; lastKnownFileType = sourcecode.swift; path = Coordinator.swift; sourceTree = "<group>"; };
		D2F7F240272BF597004D883E /* AppCoordinator.swift */ = {isa = PBXFileReference; lastKnownFileType = sourcecode.swift; path = AppCoordinator.swift; sourceTree = "<group>"; };
		E3CD34B37DA8CBC26A41F783 /* Pods-TrendingRepositories.release.xcconfig */ = {isa = PBXFileReference; includeInIndex = 1; lastKnownFileType = text.xcconfig; name = "Pods-TrendingRepositories.release.xcconfig"; path = "Target Support Files/Pods-TrendingRepositories/Pods-TrendingRepositories.release.xcconfig"; sourceTree = "<group>"; };
/* End PBXFileReference section */

/* Begin PBXFrameworksBuildPhase section */
		D2F7F21C272BEC22004D883E /* Frameworks */ = {
			isa = PBXFrameworksBuildPhase;
			buildActionMask = 2147483647;
			files = (
				6DAE7DC1572FDC36BD8D9242 /* Pods_TrendingRepositories.framework in Frameworks */,
			);
			runOnlyForDeploymentPostprocessing = 0;
		};
/* End PBXFrameworksBuildPhase section */

/* Begin PBXGroup section */
		0DC6B5E9AF611B287E4F2E36 /* Pods */ = {
			isa = PBXGroup;
			children = (
				AD94457CFF63393EEDDB8B6A /* Pods-TrendingRepositories.debug.xcconfig */,
				E3CD34B37DA8CBC26A41F783 /* Pods-TrendingRepositories.release.xcconfig */,
			);
			path = Pods;
			sourceTree = "<group>";
		};
		BDA2BA608BD06CFBDFD90FD9 /* Frameworks */ = {
			isa = PBXGroup;
			children = (
				B25D0101454DE53257D2641A /* Pods_TrendingRepositories.framework */,
			);
			name = Frameworks;
			sourceTree = "<group>";
		};
		D20F64CB272E7D860083D74C /* Title Section Header */ = {
			isa = PBXGroup;
			children = (
				D20F64CC272E7DAA0083D74C /* TitleSectionHeader.swift */,
				D20F64CE272E7DDC0083D74C /* TitleSectionHeader.xib */,
			);
			path = "Title Section Header";
			sourceTree = "<group>";
		};
		D23EF0B3272C5597003E0AFD /* Repos List */ = {
			isa = PBXGroup;
			children = (
				D2C350B8272E91CC007BBB51 /* ReposListViewModel.swift */,
				D23EF0B4272C55C1003E0AFD /* ReposListController.swift */,
				D23EF0BD272D373E003E0AFD /* Repo Cell */,
				D23EF0D2272D6546003E0AFD /* SearchBar Header */,
			);
			path = "Repos List";
			sourceTree = "<group>";
		};
		D23EF0BD272D373E003E0AFD /* Repo Cell */ = {
			isa = PBXGroup;
			children = (
				D23EF0BB272D3642003E0AFD /* RepoCollectionViewCell.swift */,
				D23EF0C2272D413F003E0AFD /* RepoCollectionViewCell.xib */,
			);
			path = "Repo Cell";
			sourceTree = "<group>";
		};
		D23EF0D0272D5A61003E0AFD /* Controllers */ = {
			isa = PBXGroup;
			children = (
				D2F38B4B272C1C1C009DE6D6 /* Main Tab Bar */,
				D2F38B57272C2613009DE6D6 /* Trending Repos */,
				D2F38B58272C2622009DE6D6 /* Favorite Repos */,
				D23EF0B3272C5597003E0AFD /* Repos List */,
				D2F38B59272C264E009DE6D6 /* Details Screen */,
			);
			path = Controllers;
			sourceTree = "<group>";
		};
		D23EF0D2272D6546003E0AFD /* SearchBar Header */ = {
			isa = PBXGroup;
			children = (
				D23EF0D3272D6559003E0AFD /* SearchBarHeader.swift */,
				D23EF0D5272D6577003E0AFD /* SearchBarHeader.xib */,
			);
			path = "SearchBar Header";
			sourceTree = "<group>";
		};
		D24E164C272DB00000916729 /* ToastView */ = {
			isa = PBXGroup;
			children = (
				D24E164D272DB01900916729 /* ToastView.xib */,
				D24E164F272DB02500916729 /* ToastView.swift */,
			);
			path = ToastView;
			sourceTree = "<group>";
		};
		D24E1651272DB05C00916729 /* Custom Views */ = {
			isa = PBXGroup;
			children = (
				D24E164C272DB00000916729 /* ToastView */,
			);
			path = "Custom Views";
			sourceTree = "<group>";
		};
		D2F38B4B272C1C1C009DE6D6 /* Main Tab Bar */ = {
			isa = PBXGroup;
			children = (
				D2F38B4C272C1C44009DE6D6 /* MainTabBarController.swift */,
			);
			path = "Main Tab Bar";
			sourceTree = "<group>";
		};
		D2F38B4E272C1C9D009DE6D6 /* Extensions */ = {
			isa = PBXGroup;
			children = (
				D2F38B50272C21CC009DE6D6 /* Foundation */,
				D2F38B51272C21D6009DE6D6 /* UIKit */,
			);
			path = Extensions;
			sourceTree = "<group>";
		};
		D2F38B50272C21CC009DE6D6 /* Foundation */ = {
			isa = PBXGroup;
			children = (
				D23EF0C6272D48F8003E0AFD /* ClassName.swift */,
				D23EF0B8272C98F7003E0AFD /* Date+Ext.swift */,
				D24E1643272D8F1400916729 /* UserDefaults+Ext.swift */,
				D24E1645272D9BE800916729 /* IndexPath+Ext.swift */,
			);
			path = Foundation;
			sourceTree = "<group>";
		};
		D2F38B51272C21D6009DE6D6 /* UIKit */ = {
			isa = PBXGroup;
			children = (
				D2F38B64272C4234009DE6D6 /* UIView+Ext.swift */,
				D23EF0D9272D72EC003E0AFD /* UIImageView+Ext.swift */,
				D2F38B52272C21EF009DE6D6 /* UIViewController+Ext.swift */,
				D23EF0C4272D486A003E0AFD /* UICollectionView+Ext.swift */,
			);
			path = UIKit;
			sourceTree = "<group>";
		};
		D2F38B54272C2269009DE6D6 /* Constants */ = {
			isa = PBXGroup;
			children = (
				D2F38B55272C22F7009DE6D6 /* K.swift */,
			);
			path = Constants;
			sourceTree = "<group>";
		};
		D2F38B57272C2613009DE6D6 /* Trending Repos */ = {
			isa = PBXGroup;
			children = (
				D23EF0CC272D5647003E0AFD /* TrendingReposViewModel.swift */,
				D2F38B5E272C2F82009DE6D6 /* TrendingReposController.swift */,
				D20F64CB272E7D860083D74C /* Title Section Header */,
			);
			path = "Trending Repos";
			sourceTree = "<group>";
		};
		D2F38B58272C2622009DE6D6 /* Favorite Repos */ = {
			isa = PBXGroup;
			children = (
				D23EF0CE272D5A38003E0AFD /* FavoriteReposViewModel.swift */,
				D2F38B60272C2F90009DE6D6 /* FavoriteReposController.swift */,
			);
			path = "Favorite Repos";
			sourceTree = "<group>";
		};
		D2F38B59272C264E009DE6D6 /* Details Screen */ = {
			isa = PBXGroup;
			children = (
			);
			path = "Details Screen";
			sourceTree = "<group>";
		};
		D2F7F216272BEC22004D883E = {
			isa = PBXGroup;
			children = (
				D2F7F221272BEC22004D883E /* TrendingRepositories */,
				D2F7F220272BEC22004D883E /* Products */,
				0DC6B5E9AF611B287E4F2E36 /* Pods */,
				BDA2BA608BD06CFBDFD90FD9 /* Frameworks */,
			);
			sourceTree = "<group>";
		};
		D2F7F220272BEC22004D883E /* Products */ = {
			isa = PBXGroup;
			children = (
				D2F7F21F272BEC22004D883E /* TrendingRepositories.app */,
			);
			name = Products;
			sourceTree = "<group>";
		};
		D2F7F221272BEC22004D883E /* TrendingRepositories */ = {
			isa = PBXGroup;
			children = (
				D2F7F236272BECBE004D883E /* Resources */,
				D2F38B4E272C1C9D009DE6D6 /* Extensions */,
				D2F7F237272BECC6004D883E /* Networking */,
				D2F7F239272BECD4004D883E /* Models */,
				D2F7F238272BECCD004D883E /* UI Layer */,
				D2F7F222272BEC22004D883E /* AppDelegate.swift */,
				D2F7F224272BEC22004D883E /* SceneDelegate.swift */,
			);
			path = TrendingRepositories;
			sourceTree = "<group>";
		};
		D2F7F236272BECBE004D883E /* Resources */ = {
			isa = PBXGroup;
			children = (
				D2F38B54272C2269009DE6D6 /* Constants */,
				D2F7F23B272BF1F5004D883E /* Coordinator */,
				D2F7F23C272BF202004D883E /* Base Classes */,
				D2F7F22B272BEC24004D883E /* Assets.xcassets */,
				D2F7F230272BEC24004D883E /* Info.plist */,
			);
			path = Resources;
			sourceTree = "<group>";
		};
		D2F7F237272BECC6004D883E /* Networking */ = {
			isa = PBXGroup;
			children = (
				D23EF0C0272D3CE9003E0AFD /* CodableResponses.swift */,
				D23EF0B6272C92F6003E0AFD /* Github.swift */,
			);
			path = Networking;
			sourceTree = "<group>";
		};
		D2F7F238272BECCD004D883E /* UI Layer */ = {
			isa = PBXGroup;
			children = (
				D2F7F23A272BECDD004D883E /* Storyboards */,
				D2F7F23F272BF4EA004D883E /* Navigation */,
				D24E1651272DB05C00916729 /* Custom Views */,
				D23EF0D0272D5A61003E0AFD /* Controllers */,
			);
			path = "UI Layer";
			sourceTree = "<group>";
		};
		D2F7F239272BECD4004D883E /* Models */ = {
			isa = PBXGroup;
			children = (
				D23EF0BE272D37D0003E0AFD /* Repository.swift */,
			);
			path = Models;
			sourceTree = "<group>";
		};
		D2F7F23A272BECDD004D883E /* Storyboards */ = {
			isa = PBXGroup;
			children = (
				D2F7F228272BEC22004D883E /* Main.storyboard */,
				D2F7F22D272BEC24004D883E /* LaunchScreen.storyboard */,
			);
			path = Storyboards;
			sourceTree = "<group>";
		};
		D2F7F23B272BF1F5004D883E /* Coordinator */ = {
			isa = PBXGroup;
			children = (
				D2F7F23D272BF215004D883E /* Coordinator.swift */,
			);
			path = Coordinator;
			sourceTree = "<group>";
		};
		D2F7F23C272BF202004D883E /* Base Classes */ = {
			isa = PBXGroup;
			children = (
				D23EF0CA272D5062003E0AFD /* BaseViewModel.swift */,
				D20F64C8272E13AD0083D74C /* TrendingReposLayout.swift */,
			);
			path = "Base Classes";
			sourceTree = "<group>";
		};
		D2F7F23F272BF4EA004D883E /* Navigation */ = {
			isa = PBXGroup;
			children = (
				D2F7F240272BF597004D883E /* AppCoordinator.swift */,
				D2F38B5A272C28F7009DE6D6 /* TrendingCoordinator.swift */,
				D2F38B5C272C290C009DE6D6 /* FavoritesCoordinator.swift */,
			);
			path = Navigation;
			sourceTree = "<group>";
		};
/* End PBXGroup section */

/* Begin PBXNativeTarget section */
		D2F7F21E272BEC22004D883E /* TrendingRepositories */ = {
			isa = PBXNativeTarget;
			buildConfigurationList = D2F7F233272BEC24004D883E /* Build configuration list for PBXNativeTarget "TrendingRepositories" */;
			buildPhases = (
				BF7C21A168D49890B1528CB6 /* [CP] Check Pods Manifest.lock */,
				D2F7F21B272BEC22004D883E /* Sources */,
				D2F7F21C272BEC22004D883E /* Frameworks */,
				D2F7F21D272BEC22004D883E /* Resources */,
				A027B1D538C1FA15ABFF43CD /* [CP] Embed Pods Frameworks */,
			);
			buildRules = (
			);
			dependencies = (
			);
			name = TrendingRepositories;
			productName = TrendingRepositories;
			productReference = D2F7F21F272BEC22004D883E /* TrendingRepositories.app */;
			productType = "com.apple.product-type.application";
		};
/* End PBXNativeTarget section */

/* Begin PBXProject section */
		D2F7F217272BEC22004D883E /* Project object */ = {
			isa = PBXProject;
			attributes = {
				BuildIndependentTargetsInParallel = 1;
				LastSwiftUpdateCheck = 1300;
				LastUpgradeCheck = 1300;
				TargetAttributes = {
					D2F7F21E272BEC22004D883E = {
						CreatedOnToolsVersion = 13.0;
					};
				};
			};
			buildConfigurationList = D2F7F21A272BEC22004D883E /* Build configuration list for PBXProject "TrendingRepositories" */;
			compatibilityVersion = "Xcode 13.0";
			developmentRegion = en;
			hasScannedForEncodings = 0;
			knownRegions = (
				en,
				Base,
			);
			mainGroup = D2F7F216272BEC22004D883E;
			productRefGroup = D2F7F220272BEC22004D883E /* Products */;
			projectDirPath = "";
			projectRoot = "";
			targets = (
				D2F7F21E272BEC22004D883E /* TrendingRepositories */,
			);
		};
/* End PBXProject section */

/* Begin PBXResourcesBuildPhase section */
		D2F7F21D272BEC22004D883E /* Resources */ = {
			isa = PBXResourcesBuildPhase;
			buildActionMask = 2147483647;
			files = (
				D24E164E272DB01A00916729 /* ToastView.xib in Resources */,
				D20F64CF272E7DDC0083D74C /* TitleSectionHeader.xib in Resources */,
				D23EF0C3272D413F003E0AFD /* RepoCollectionViewCell.xib in Resources */,
				D23EF0D6272D6577003E0AFD /* SearchBarHeader.xib in Resources */,
				D2F7F22F272BEC24004D883E /* LaunchScreen.storyboard in Resources */,
				D2F38B4A272C1A1F009DE6D6 /* Assets.xcassets in Resources */,
				D2F7F22A272BEC22004D883E /* Main.storyboard in Resources */,
			);
			runOnlyForDeploymentPostprocessing = 0;
		};
/* End PBXResourcesBuildPhase section */

/* Begin PBXShellScriptBuildPhase section */
		A027B1D538C1FA15ABFF43CD /* [CP] Embed Pods Frameworks */ = {
			isa = PBXShellScriptBuildPhase;
			buildActionMask = 2147483647;
			files = (
			);
			inputFileListPaths = (
				"${PODS_ROOT}/Target Support Files/Pods-TrendingRepositories/Pods-TrendingRepositories-frameworks-${CONFIGURATION}-input-files.xcfilelist",
			);
			name = "[CP] Embed Pods Frameworks";
			outputFileListPaths = (
				"${PODS_ROOT}/Target Support Files/Pods-TrendingRepositories/Pods-TrendingRepositories-frameworks-${CONFIGURATION}-output-files.xcfilelist",
			);
			runOnlyForDeploymentPostprocessing = 0;
			shellPath = /bin/sh;
			shellScript = "\"${PODS_ROOT}/Target Support Files/Pods-TrendingRepositories/Pods-TrendingRepositories-frameworks.sh\"\n";
			showEnvVarsInLog = 0;
		};
		BF7C21A168D49890B1528CB6 /* [CP] Check Pods Manifest.lock */ = {
			isa = PBXShellScriptBuildPhase;
			buildActionMask = 2147483647;
			files = (
			);
			inputFileListPaths = (
			);
			inputPaths = (
				"${PODS_PODFILE_DIR_PATH}/Podfile.lock",
				"${PODS_ROOT}/Manifest.lock",
			);
			name = "[CP] Check Pods Manifest.lock";
			outputFileListPaths = (
			);
			outputPaths = (
				"$(DERIVED_FILE_DIR)/Pods-TrendingRepositories-checkManifestLockResult.txt",
			);
			runOnlyForDeploymentPostprocessing = 0;
			shellPath = /bin/sh;
			shellScript = "diff \"${PODS_PODFILE_DIR_PATH}/Podfile.lock\" \"${PODS_ROOT}/Manifest.lock\" > /dev/null\nif [ $? != 0 ] ; then\n    # print error to STDERR\n    echo \"error: The sandbox is not in sync with the Podfile.lock. Run 'pod install' or update your CocoaPods installation.\" >&2\n    exit 1\nfi\n# This output is used by Xcode 'outputs' to avoid re-running this script phase.\necho \"SUCCESS\" > \"${SCRIPT_OUTPUT_FILE_0}\"\n";
			showEnvVarsInLog = 0;
		};
/* End PBXShellScriptBuildPhase section */

/* Begin PBXSourcesBuildPhase section */
		D2F7F21B272BEC22004D883E /* Sources */ = {
			isa = PBXSourcesBuildPhase;
			buildActionMask = 2147483647;
			files = (
				D2F7F223272BEC22004D883E /* AppDelegate.swift in Sources */,
				D23EF0CB272D5062003E0AFD /* BaseViewModel.swift in Sources */,
				D2F38B56272C22F7009DE6D6 /* K.swift in Sources */,
				D2C350B9272E91CC007BBB51 /* ReposListViewModel.swift in Sources */,
				D23EF0CF272D5A38003E0AFD /* FavoriteReposViewModel.swift in Sources */,
				D2F38B5F272C2F82009DE6D6 /* TrendingReposController.swift in Sources */,
				D2F7F225272BEC22004D883E /* SceneDelegate.swift in Sources */,
				D23EF0BC272D3642003E0AFD /* RepoCollectionViewCell.swift in Sources */,
				D20F64C9272E13AD0083D74C /* TrendingReposLayout.swift in Sources */,
				D23EF0B7272C92F6003E0AFD /* Github.swift in Sources */,
				D2F38B5B272C28F7009DE6D6 /* TrendingCoordinator.swift in Sources */,
				D23EF0D4272D6559003E0AFD /* SearchBarHeader.swift in Sources */,
				D23EF0CD272D5647003E0AFD /* TrendingReposViewModel.swift in Sources */,
				D2F38B53272C21EF009DE6D6 /* UIViewController+Ext.swift in Sources */,
				D2F38B4D272C1C44009DE6D6 /* MainTabBarController.swift in Sources */,
				D23EF0B5272C55C1003E0AFD /* ReposListController.swift in Sources */,
				D23EF0B9272C98F7003E0AFD /* Date+Ext.swift in Sources */,
				D23EF0DA272D72EC003E0AFD /* UIImageView+Ext.swift in Sources */,
				D2F7F23E272BF215004D883E /* Coordinator.swift in Sources */,
				D23EF0BF272D37D0003E0AFD /* Repository.swift in Sources */,
				D24E1646272D9BE800916729 /* IndexPath+Ext.swift in Sources */,
				D24E1650272DB02500916729 /* ToastView.swift in Sources */,
				D2F38B65272C4234009DE6D6 /* UIView+Ext.swift in Sources */,
				D2F38B61272C2F90009DE6D6 /* FavoriteReposController.swift in Sources */,
				D20F64CD272E7DAA0083D74C /* TitleSectionHeader.swift in Sources */,
				D2F38B5D272C290C009DE6D6 /* FavoritesCoordinator.swift in Sources */,
				D23EF0C5272D486A003E0AFD /* UICollectionView+Ext.swift in Sources */,
				D24E1644272D8F1400916729 /* UserDefaults+Ext.swift in Sources */,
				D23EF0C7272D48F8003E0AFD /* ClassName.swift in Sources */,
				D2F7F241272BF597004D883E /* AppCoordinator.swift in Sources */,
				D23EF0C1272D3CE9003E0AFD /* CodableResponses.swift in Sources */,
			);
			runOnlyForDeploymentPostprocessing = 0;
		};
/* End PBXSourcesBuildPhase section */

/* Begin PBXVariantGroup section */
		D2F7F228272BEC22004D883E /* Main.storyboard */ = {
			isa = PBXVariantGroup;
			children = (
				D2F7F229272BEC22004D883E /* Base */,
			);
			name = Main.storyboard;
			sourceTree = "<group>";
		};
		D2F7F22D272BEC24004D883E /* LaunchScreen.storyboard */ = {
			isa = PBXVariantGroup;
			children = (
				D2F7F22E272BEC24004D883E /* Base */,
			);
			name = LaunchScreen.storyboard;
			sourceTree = "<group>";
		};
/* End PBXVariantGroup section */

/* Begin XCBuildConfiguration section */
		D2F7F231272BEC24004D883E /* Debug */ = {
			isa = XCBuildConfiguration;
			buildSettings = {
				ALWAYS_SEARCH_USER_PATHS = NO;
				CLANG_ANALYZER_NONNULL = YES;
				CLANG_ANALYZER_NUMBER_OBJECT_CONVERSION = YES_AGGRESSIVE;
				CLANG_CXX_LANGUAGE_STANDARD = "gnu++17";
				CLANG_CXX_LIBRARY = "libc++";
				CLANG_ENABLE_MODULES = YES;
				CLANG_ENABLE_OBJC_ARC = YES;
				CLANG_ENABLE_OBJC_WEAK = YES;
				CLANG_WARN_BLOCK_CAPTURE_AUTORELEASING = YES;
				CLANG_WARN_BOOL_CONVERSION = YES;
				CLANG_WARN_COMMA = YES;
				CLANG_WARN_CONSTANT_CONVERSION = YES;
				CLANG_WARN_DEPRECATED_OBJC_IMPLEMENTATIONS = YES;
				CLANG_WARN_DIRECT_OBJC_ISA_USAGE = YES_ERROR;
				CLANG_WARN_DOCUMENTATION_COMMENTS = YES;
				CLANG_WARN_EMPTY_BODY = YES;
				CLANG_WARN_ENUM_CONVERSION = YES;
				CLANG_WARN_INFINITE_RECURSION = YES;
				CLANG_WARN_INT_CONVERSION = YES;
				CLANG_WARN_NON_LITERAL_NULL_CONVERSION = YES;
				CLANG_WARN_OBJC_IMPLICIT_RETAIN_SELF = YES;
				CLANG_WARN_OBJC_LITERAL_CONVERSION = YES;
				CLANG_WARN_OBJC_ROOT_CLASS = YES_ERROR;
				CLANG_WARN_QUOTED_INCLUDE_IN_FRAMEWORK_HEADER = YES;
				CLANG_WARN_RANGE_LOOP_ANALYSIS = YES;
				CLANG_WARN_STRICT_PROTOTYPES = YES;
				CLANG_WARN_SUSPICIOUS_MOVE = YES;
				CLANG_WARN_UNGUARDED_AVAILABILITY = YES_AGGRESSIVE;
				CLANG_WARN_UNREACHABLE_CODE = YES;
				CLANG_WARN__DUPLICATE_METHOD_MATCH = YES;
				COPY_PHASE_STRIP = NO;
				DEBUG_INFORMATION_FORMAT = dwarf;
				ENABLE_STRICT_OBJC_MSGSEND = YES;
				ENABLE_TESTABILITY = YES;
				GCC_C_LANGUAGE_STANDARD = gnu11;
				GCC_DYNAMIC_NO_PIC = NO;
				GCC_NO_COMMON_BLOCKS = YES;
				GCC_OPTIMIZATION_LEVEL = 0;
				GCC_PREPROCESSOR_DEFINITIONS = (
					"DEBUG=1",
					"$(inherited)",
				);
				GCC_WARN_64_TO_32_BIT_CONVERSION = YES;
				GCC_WARN_ABOUT_RETURN_TYPE = YES_ERROR;
				GCC_WARN_UNDECLARED_SELECTOR = YES;
				GCC_WARN_UNINITIALIZED_AUTOS = YES_AGGRESSIVE;
				GCC_WARN_UNUSED_FUNCTION = YES;
				GCC_WARN_UNUSED_VARIABLE = YES;
				IPHONEOS_DEPLOYMENT_TARGET = 15.0;
				MTL_ENABLE_DEBUG_INFO = INCLUDE_SOURCE;
				MTL_FAST_MATH = YES;
				ONLY_ACTIVE_ARCH = YES;
				SDKROOT = iphoneos;
				SWIFT_ACTIVE_COMPILATION_CONDITIONS = DEBUG;
				SWIFT_OPTIMIZATION_LEVEL = "-Onone";
			};
			name = Debug;
		};
		D2F7F232272BEC24004D883E /* Release */ = {
			isa = XCBuildConfiguration;
			buildSettings = {
				ALWAYS_SEARCH_USER_PATHS = NO;
				CLANG_ANALYZER_NONNULL = YES;
				CLANG_ANALYZER_NUMBER_OBJECT_CONVERSION = YES_AGGRESSIVE;
				CLANG_CXX_LANGUAGE_STANDARD = "gnu++17";
				CLANG_CXX_LIBRARY = "libc++";
				CLANG_ENABLE_MODULES = YES;
				CLANG_ENABLE_OBJC_ARC = YES;
				CLANG_ENABLE_OBJC_WEAK = YES;
				CLANG_WARN_BLOCK_CAPTURE_AUTORELEASING = YES;
				CLANG_WARN_BOOL_CONVERSION = YES;
				CLANG_WARN_COMMA = YES;
				CLANG_WARN_CONSTANT_CONVERSION = YES;
				CLANG_WARN_DEPRECATED_OBJC_IMPLEMENTATIONS = YES;
				CLANG_WARN_DIRECT_OBJC_ISA_USAGE = YES_ERROR;
				CLANG_WARN_DOCUMENTATION_COMMENTS = YES;
				CLANG_WARN_EMPTY_BODY = YES;
				CLANG_WARN_ENUM_CONVERSION = YES;
				CLANG_WARN_INFINITE_RECURSION = YES;
				CLANG_WARN_INT_CONVERSION = YES;
				CLANG_WARN_NON_LITERAL_NULL_CONVERSION = YES;
				CLANG_WARN_OBJC_IMPLICIT_RETAIN_SELF = YES;
				CLANG_WARN_OBJC_LITERAL_CONVERSION = YES;
				CLANG_WARN_OBJC_ROOT_CLASS = YES_ERROR;
				CLANG_WARN_QUOTED_INCLUDE_IN_FRAMEWORK_HEADER = YES;
				CLANG_WARN_RANGE_LOOP_ANALYSIS = YES;
				CLANG_WARN_STRICT_PROTOTYPES = YES;
				CLANG_WARN_SUSPICIOUS_MOVE = YES;
				CLANG_WARN_UNGUARDED_AVAILABILITY = YES_AGGRESSIVE;
				CLANG_WARN_UNREACHABLE_CODE = YES;
				CLANG_WARN__DUPLICATE_METHOD_MATCH = YES;
				COPY_PHASE_STRIP = NO;
				DEBUG_INFORMATION_FORMAT = "dwarf-with-dsym";
				ENABLE_NS_ASSERTIONS = NO;
				ENABLE_STRICT_OBJC_MSGSEND = YES;
				GCC_C_LANGUAGE_STANDARD = gnu11;
				GCC_NO_COMMON_BLOCKS = YES;
				GCC_WARN_64_TO_32_BIT_CONVERSION = YES;
				GCC_WARN_ABOUT_RETURN_TYPE = YES_ERROR;
				GCC_WARN_UNDECLARED_SELECTOR = YES;
				GCC_WARN_UNINITIALIZED_AUTOS = YES_AGGRESSIVE;
				GCC_WARN_UNUSED_FUNCTION = YES;
				GCC_WARN_UNUSED_VARIABLE = YES;
				IPHONEOS_DEPLOYMENT_TARGET = 15.0;
				MTL_ENABLE_DEBUG_INFO = NO;
				MTL_FAST_MATH = YES;
				SDKROOT = iphoneos;
				SWIFT_COMPILATION_MODE = wholemodule;
				SWIFT_OPTIMIZATION_LEVEL = "-O";
				VALIDATE_PRODUCT = YES;
			};
			name = Release;
		};
		D2F7F234272BEC24004D883E /* Debug */ = {
			isa = XCBuildConfiguration;
			baseConfigurationReference = AD94457CFF63393EEDDB8B6A /* Pods-TrendingRepositories.debug.xcconfig */;
			buildSettings = {
				ASSETCATALOG_COMPILER_APPICON_NAME = AppIcon;
				ASSETCATALOG_COMPILER_GLOBAL_ACCENT_COLOR_NAME = AccentColor;
				CODE_SIGN_IDENTITY = "Apple Development";
				CODE_SIGN_STYLE = Automatic;
				CURRENT_PROJECT_VERSION = 1;
				DEVELOPMENT_TEAM = L8T49D2F65;
				GENERATE_INFOPLIST_FILE = YES;
				INFOPLIST_FILE = TrendingRepositories/Resources/Info.plist;
				INFOPLIST_KEY_CFBundleDisplayName = "Github Repos";
				INFOPLIST_KEY_UIApplicationSupportsIndirectInputEvents = YES;
				INFOPLIST_KEY_UILaunchStoryboardName = LaunchScreen;
				INFOPLIST_KEY_UIMainStoryboardFile = Main;
				INFOPLIST_KEY_UISupportedInterfaceOrientations_iPad = "UIInterfaceOrientationPortrait UIInterfaceOrientationPortraitUpsideDown UIInterfaceOrientationLandscapeLeft UIInterfaceOrientationLandscapeRight";
				INFOPLIST_KEY_UISupportedInterfaceOrientations_iPhone = "UIInterfaceOrientationPortrait UIInterfaceOrientationLandscapeLeft UIInterfaceOrientationLandscapeRight";
				IPHONEOS_DEPLOYMENT_TARGET = 15.0;
				LD_RUNPATH_SEARCH_PATHS = (
					"$(inherited)",
					"@executable_path/Frameworks",
				);
				MARKETING_VERSION = 1.0;
				PRODUCT_BUNDLE_IDENTIFIER = TelemTobi.TrendingRepositories;
				PRODUCT_NAME = "$(TARGET_NAME)";
				PROVISIONING_PROFILE_SPECIFIER = "";
				SWIFT_EMIT_LOC_STRINGS = YES;
				SWIFT_VERSION = 5.0;
				TARGETED_DEVICE_FAMILY = "1,2";
			};
			name = Debug;
		};
		D2F7F235272BEC24004D883E /* Release */ = {
			isa = XCBuildConfiguration;
			baseConfigurationReference = E3CD34B37DA8CBC26A41F783 /* Pods-TrendingRepositories.release.xcconfig */;
			buildSettings = {
				ASSETCATALOG_COMPILER_APPICON_NAME = AppIcon;
				ASSETCATALOG_COMPILER_GLOBAL_ACCENT_COLOR_NAME = AccentColor;
				CODE_SIGN_IDENTITY = "Apple Development";
				CODE_SIGN_STYLE = Automatic;
				CURRENT_PROJECT_VERSION = 1;
				DEVELOPMENT_TEAM = L8T49D2F65;
				GENERATE_INFOPLIST_FILE = YES;
				INFOPLIST_FILE = TrendingRepositories/Resources/Info.plist;
				INFOPLIST_KEY_CFBundleDisplayName = "Github Repos";
				INFOPLIST_KEY_UIApplicationSupportsIndirectInputEvents = YES;
				INFOPLIST_KEY_UILaunchStoryboardName = LaunchScreen;
				INFOPLIST_KEY_UIMainStoryboardFile = Main;
				INFOPLIST_KEY_UISupportedInterfaceOrientations_iPad = "UIInterfaceOrientationPortrait UIInterfaceOrientationPortraitUpsideDown UIInterfaceOrientationLandscapeLeft UIInterfaceOrientationLandscapeRight";
				INFOPLIST_KEY_UISupportedInterfaceOrientations_iPhone = "UIInterfaceOrientationPortrait UIInterfaceOrientationLandscapeLeft UIInterfaceOrientationLandscapeRight";
				IPHONEOS_DEPLOYMENT_TARGET = 15.0;
				LD_RUNPATH_SEARCH_PATHS = (
					"$(inherited)",
					"@executable_path/Frameworks",
				);
				MARKETING_VERSION = 1.0;
				PRODUCT_BUNDLE_IDENTIFIER = TelemTobi.TrendingRepositories;
				PRODUCT_NAME = "$(TARGET_NAME)";
				PROVISIONING_PROFILE_SPECIFIER = "";
				SWIFT_EMIT_LOC_STRINGS = YES;
				SWIFT_VERSION = 5.0;
				TARGETED_DEVICE_FAMILY = "1,2";
			};
			name = Release;
		};
/* End XCBuildConfiguration section */

/* Begin XCConfigurationList section */
		D2F7F21A272BEC22004D883E /* Build configuration list for PBXProject "TrendingRepositories" */ = {
			isa = XCConfigurationList;
			buildConfigurations = (
				D2F7F231272BEC24004D883E /* Debug */,
				D2F7F232272BEC24004D883E /* Release */,
			);
			defaultConfigurationIsVisible = 0;
			defaultConfigurationName = Release;
		};
		D2F7F233272BEC24004D883E /* Build configuration list for PBXNativeTarget "TrendingRepositories" */ = {
			isa = XCConfigurationList;
			buildConfigurations = (
				D2F7F234272BEC24004D883E /* Debug */,
				D2F7F235272BEC24004D883E /* Release */,
			);
			defaultConfigurationIsVisible = 0;
			defaultConfigurationName = Release;
		};
/* End XCConfigurationList section */
	};
	rootObject = D2F7F217272BEC22004D883E /* Project object */;
}
