// !$*UTF8*$!
{
	archiveVersion = 1;
	classes = {
	};
	objectVersion = 55;
	objects = {

/* Begin PBXBuildFile section */
		D2F38B4A272C1A1F009DE6D6 /* Assets.xcassets in Resources */ = {isa = PBXBuildFile; fileRef = D2F7F22B272BEC24004D883E /* Assets.xcassets */; };
		D2F7F223272BEC22004D883E /* AppDelegate.swift in Sources */ = {isa = PBXBuildFile; fileRef = D2F7F222272BEC22004D883E /* AppDelegate.swift */; };
		D2F7F225272BEC22004D883E /* SceneDelegate.swift in Sources */ = {isa = PBXBuildFile; fileRef = D2F7F224272BEC22004D883E /* SceneDelegate.swift */; };
		D2F7F22A272BEC22004D883E /* Main.storyboard in Resources */ = {isa = PBXBuildFile; fileRef = D2F7F228272BEC22004D883E /* Main.storyboard */; };
		D2F7F22F272BEC24004D883E /* LaunchScreen.storyboard in Resources */ = {isa = PBXBuildFile; fileRef = D2F7F22D272BEC24004D883E /* LaunchScreen.storyboard */; };
		D2F7F23E272BF215004D883E /* Coordinator.swift in Sources */ = {isa = PBXBuildFile; fileRef = D2F7F23D272BF215004D883E /* Coordinator.swift */; };
		D2F7F241272BF597004D883E /* AppCoordinator.swift in Sources */ = {isa = PBXBuildFile; fileRef = D2F7F240272BF597004D883E /* AppCoordinator.swift */; };
/* End PBXBuildFile section */

/* Begin PBXFileReference section */
		D2F7F21F272BEC22004D883E /* TrendingRepositories.app */ = {isa = PBXFileReference; explicitFileType = wrapper.application; includeInIndex = 0; path = TrendingRepositories.app; sourceTree = BUILT_PRODUCTS_DIR; };
		D2F7F222272BEC22004D883E /* AppDelegate.swift */ = {isa = PBXFileReference; lastKnownFileType = sourcecode.swift; path = AppDelegate.swift; sourceTree = "<group>"; };
		D2F7F224272BEC22004D883E /* SceneDelegate.swift */ = {isa = PBXFileReference; lastKnownFileType = sourcecode.swift; path = SceneDelegate.swift; sourceTree = "<group>"; };
		D2F7F229272BEC22004D883E /* Base */ = {isa = PBXFileReference; lastKnownFileType = file.storyboard; name = Base; path = Base.lproj/Main.storyboard; sourceTree = "<group>"; };
		D2F7F22B272BEC24004D883E /* Assets.xcassets */ = {isa = PBXFileReference; lastKnownFileType = folder.assetcatalog; name = Assets.xcassets; path = TrendingRepositories/Resources/Assets.xcassets; sourceTree = SOURCE_ROOT; };
		D2F7F22E272BEC24004D883E /* Base */ = {isa = PBXFileReference; lastKnownFileType = file.storyboard; name = Base; path = Base.lproj/LaunchScreen.storyboard; sourceTree = "<group>"; };
		D2F7F230272BEC24004D883E /* Info.plist */ = {isa = PBXFileReference; lastKnownFileType = text.plist.xml; path = Info.plist; sourceTree = "<group>"; };
		D2F7F23D272BF215004D883E /* Coordinator.swift */ = {isa = PBXFileReference; lastKnownFileType = sourcecode.swift; path = Coordinator.swift; sourceTree = "<group>"; };
		D2F7F240272BF597004D883E /* AppCoordinator.swift */ = {isa = PBXFileReference; lastKnownFileType = sourcecode.swift; path = AppCoordinator.swift; sourceTree = "<group>"; };
/* End PBXFileReference section */

/* Begin PBXFrameworksBuildPhase section */
		D2F7F21C272BEC22004D883E /* Frameworks */ = {
			isa = PBXFrameworksBuildPhase;
			buildActionMask = 2147483647;
			files = (
			);
			runOnlyForDeploymentPostprocessing = 0;
		};
/* End PBXFrameworksBuildPhase section */

/* Begin PBXGroup section */
		D2F7F216272BEC22004D883E = {
			isa = PBXGroup;
			children = (
				D2F7F221272BEC22004D883E /* TrendingRepositories */,
				D2F7F220272BEC22004D883E /* Products */,
			);
			sourceTree = "<group>";
		};
		D2F7F220272BEC22004D883E /* Products */ = {
			isa = PBXGroup;
			children = (
				D2F7F21F272BEC22004D883E /* TrendingRepositories.app */,
			);
			name = Products;
			sourceTree = "<group>";
		};
		D2F7F221272BEC22004D883E /* TrendingRepositories */ = {
			isa = PBXGroup;
			children = (
				D2F7F236272BECBE004D883E /* Resources */,
				D2F7F239272BECD4004D883E /* Models */,
				D2F7F237272BECC6004D883E /* Networking */,
				D2F7F238272BECCD004D883E /* UI Layer */,
				D2F7F222272BEC22004D883E /* AppDelegate.swift */,
				D2F7F224272BEC22004D883E /* SceneDelegate.swift */,
			);
			path = TrendingRepositories;
			sourceTree = "<group>";
		};
		D2F7F236272BECBE004D883E /* Resources */ = {
			isa = PBXGroup;
			children = (
				D2F7F23B272BF1F5004D883E /* Coordinator */,
				D2F7F23C272BF202004D883E /* Base Classes */,
				D2F7F22B272BEC24004D883E /* Assets.xcassets */,
				D2F7F230272BEC24004D883E /* Info.plist */,
			);
			path = Resources;
			sourceTree = "<group>";
		};
		D2F7F237272BECC6004D883E /* Networking */ = {
			isa = PBXGroup;
			children = (
			);
			path = Networking;
			sourceTree = "<group>";
		};
		D2F7F238272BECCD004D883E /* UI Layer */ = {
			isa = PBXGroup;
			children = (
				D2F7F23A272BECDD004D883E /* Storyboards */,
				D2F7F23F272BF4EA004D883E /* Navigation */,
			);
			path = "UI Layer";
			sourceTree = "<group>";
		};
		D2F7F239272BECD4004D883E /* Models */ = {
			isa = PBXGroup;
			children = (
			);
			path = Models;
			sourceTree = "<group>";
		};
		D2F7F23A272BECDD004D883E /* Storyboards */ = {
			isa = PBXGroup;
			children = (
				D2F7F228272BEC22004D883E /* Main.storyboard */,
				D2F7F22D272BEC24004D883E /* LaunchScreen.storyboard */,
			);
			path = Storyboards;
			sourceTree = "<group>";
		};
		D2F7F23B272BF1F5004D883E /* Coordinator */ = {
			isa = PBXGroup;
			children = (
				D2F7F23D272BF215004D883E /* Coordinator.swift */,
			);
			path = Coordinator;
			sourceTree = "<group>";
		};
		D2F7F23C272BF202004D883E /* Base Classes */ = {
			isa = PBXGroup;
			children = (
			);
			path = "Base Classes";
			sourceTree = "<group>";
		};
		D2F7F23F272BF4EA004D883E /* Navigation */ = {
			isa = PBXGroup;
			children = (
				D2F7F240272BF597004D883E /* AppCoordinator.swift */,
			);
			path = Navigation;
			sourceTree = "<group>";
		};
/* End PBXGroup section */

/* Begin PBXNativeTarget section */
		D2F7F21E272BEC22004D883E /* TrendingRepositories */ = {
			isa = PBXNativeTarget;
			buildConfigurationList = D2F7F233272BEC24004D883E /* Build configuration list for PBXNativeTarget "TrendingRepositories" */;
			buildPhases = (
				D2F7F21B272BEC22004D883E /* Sources */,
				D2F7F21C272BEC22004D883E /* Frameworks */,
				D2F7F21D272BEC22004D883E /* Resources */,
			);
			buildRules = (
			);
			dependencies = (
			);
			name = TrendingRepositories;
			productName = TrendingRepositories;
			productReference = D2F7F21F272BEC22004D883E /* TrendingRepositories.app */;
			productType = "com.apple.product-type.application";
		};
/* End PBXNativeTarget section */

/* Begin PBXProject section */
		D2F7F217272BEC22004D883E /* Project object */ = {
			isa = PBXProject;
			attributes = {
				BuildIndependentTargetsInParallel = 1;
				LastSwiftUpdateCheck = 1300;
				LastUpgradeCheck = 1300;
				TargetAttributes = {
					D2F7F21E272BEC22004D883E = {
						CreatedOnToolsVersion = 13.0;
					};
				};
			};
			buildConfigurationList = D2F7F21A272BEC22004D883E /* Build configuration list for PBXProject "TrendingRepositories" */;
			compatibilityVersion = "Xcode 13.0";
			developmentRegion = en;
			hasScannedForEncodings = 0;
			knownRegions = (
				en,
				Base,
			);
			mainGroup = D2F7F216272BEC22004D883E;
			productRefGroup = D2F7F220272BEC22004D883E /* Products */;
			projectDirPath = "";
			projectRoot = "";
			targets = (
				D2F7F21E272BEC22004D883E /* TrendingRepositories */,
			);
		};
/* End PBXProject section */

/* Begin PBXResourcesBuildPhase section */
		D2F7F21D272BEC22004D883E /* Resources */ = {
			isa = PBXResourcesBuildPhase;
			buildActionMask = 2147483647;
			files = (
				D2F7F22F272BEC24004D883E /* LaunchScreen.storyboard in Resources */,
				D2F38B4A272C1A1F009DE6D6 /* Assets.xcassets in Resources */,
				D2F7F22A272BEC22004D883E /* Main.storyboard in Resources */,
			);
			runOnlyForDeploymentPostprocessing = 0;
		};
/* End PBXResourcesBuildPhase section */

/* Begin PBXSourcesBuildPhase section */
		D2F7F21B272BEC22004D883E /* Sources */ = {
			isa = PBXSourcesBuildPhase;
			buildActionMask = 2147483647;
			files = (
				D2F7F223272BEC22004D883E /* AppDelegate.swift in Sources */,
				D2F7F225272BEC22004D883E /* SceneDelegate.swift in Sources */,
				D2F7F23E272BF215004D883E /* Coordinator.swift in Sources */,
				D2F7F241272BF597004D883E /* AppCoordinator.swift in Sources */,
			);
			runOnlyForDeploymentPostprocessing = 0;
		};
/* End PBXSourcesBuildPhase section */

/* Begin PBXVariantGroup section */
		D2F7F228272BEC22004D883E /* Main.storyboard */ = {
			isa = PBXVariantGroup;
			children = (
				D2F7F229272BEC22004D883E /* Base */,
			);
			name = Main.storyboard;
			sourceTree = "<group>";
		};
		D2F7F22D272BEC24004D883E /* LaunchScreen.storyboard */ = {
			isa = PBXVariantGroup;
			children = (
				D2F7F22E272BEC24004D883E /* Base */,
			);
			name = LaunchScreen.storyboard;
			sourceTree = "<group>";
		};
/* End PBXVariantGroup section */

/* Begin XCBuildConfiguration section */
		D2F7F231272BEC24004D883E /* Debug */ = {
			isa = XCBuildConfiguration;
			buildSettings = {
				ALWAYS_SEARCH_USER_PATHS = NO;
				CLANG_ANALYZER_NONNULL = YES;
				CLANG_ANALYZER_NUMBER_OBJECT_CONVERSION = YES_AGGRESSIVE;
				CLANG_CXX_LANGUAGE_STANDARD = "gnu++17";
				CLANG_CXX_LIBRARY = "libc++";
				CLANG_ENABLE_MODULES = YES;
				CLANG_ENABLE_OBJC_ARC = YES;
				CLANG_ENABLE_OBJC_WEAK = YES;
				CLANG_WARN_BLOCK_CAPTURE_AUTORELEASING = YES;
				CLANG_WARN_BOOL_CONVERSION = YES;
				CLANG_WARN_COMMA = YES;
				CLANG_WARN_CONSTANT_CONVERSION = YES;
				CLANG_WARN_DEPRECATED_OBJC_IMPLEMENTATIONS = YES;
				CLANG_WARN_DIRECT_OBJC_ISA_USAGE = YES_ERROR;
				CLANG_WARN_DOCUMENTATION_COMMENTS = YES;
				CLANG_WARN_EMPTY_BODY = YES;
				CLANG_WARN_ENUM_CONVERSION = YES;
				CLANG_WARN_INFINITE_RECURSION = YES;
				CLANG_WARN_INT_CONVERSION = YES;
				CLANG_WARN_NON_LITERAL_NULL_CONVERSION = YES;
				CLANG_WARN_OBJC_IMPLICIT_RETAIN_SELF = YES;
				CLANG_WARN_OBJC_LITERAL_CONVERSION = YES;
				CLANG_WARN_OBJC_ROOT_CLASS = YES_ERROR;
				CLANG_WARN_QUOTED_INCLUDE_IN_FRAMEWORK_HEADER = YES;
				CLANG_WARN_RANGE_LOOP_ANALYSIS = YES;
				CLANG_WARN_STRICT_PROTOTYPES = YES;
				CLANG_WARN_SUSPICIOUS_MOVE = YES;
				CLANG_WARN_UNGUARDED_AVAILABILITY = YES_AGGRESSIVE;
				CLANG_WARN_UNREACHABLE_CODE = YES;
				CLANG_WARN__DUPLICATE_METHOD_MATCH = YES;
				COPY_PHASE_STRIP = NO;
				DEBUG_INFORMATION_FORMAT = dwarf;
				ENABLE_STRICT_OBJC_MSGSEND = YES;
				ENABLE_TESTABILITY = YES;
				GCC_C_LANGUAGE_STANDARD = gnu11;
				GCC_DYNAMIC_NO_PIC = NO;
				GCC_NO_COMMON_BLOCKS = YES;
				GCC_OPTIMIZATION_LEVEL = 0;
				GCC_PREPROCESSOR_DEFINITIONS = (
					"DEBUG=1",
					"$(inherited)",
				);
				GCC_WARN_64_TO_32_BIT_CONVERSION = YES;
				GCC_WARN_ABOUT_RETURN_TYPE = YES_ERROR;
				GCC_WARN_UNDECLARED_SELECTOR = YES;
				GCC_WARN_UNINITIALIZED_AUTOS = YES_AGGRESSIVE;
				GCC_WARN_UNUSED_FUNCTION = YES;
				GCC_WARN_UNUSED_VARIABLE = YES;
				IPHONEOS_DEPLOYMENT_TARGET = 15.0;
				MTL_ENABLE_DEBUG_INFO = INCLUDE_SOURCE;
				MTL_FAST_MATH = YES;
				ONLY_ACTIVE_ARCH = YES;
				SDKROOT = iphoneos;
				SWIFT_ACTIVE_COMPILATION_CONDITIONS = DEBUG;
				SWIFT_OPTIMIZATION_LEVEL = "-Onone";
			};
			name = Debug;
		};
		D2F7F232272BEC24004D883E /* Release */ = {
			isa = XCBuildConfiguration;
			buildSettings = {
				ALWAYS_SEARCH_USER_PATHS = NO;
				CLANG_ANALYZER_NONNULL = YES;
				CLANG_ANALYZER_NUMBER_OBJECT_CONVERSION = YES_AGGRESSIVE;
				CLANG_CXX_LANGUAGE_STANDARD = "gnu++17";
				CLANG_CXX_LIBRARY = "libc++";
				CLANG_ENABLE_MODULES = YES;
				CLANG_ENABLE_OBJC_ARC = YES;
				CLANG_ENABLE_OBJC_WEAK = YES;
				CLANG_WARN_BLOCK_CAPTURE_AUTORELEASING = YES;
				CLANG_WARN_BOOL_CONVERSION = YES;
				CLANG_WARN_COMMA = YES;
				CLANG_WARN_CONSTANT_CONVERSION = YES;
				CLANG_WARN_DEPRECATED_OBJC_IMPLEMENTATIONS = YES;
				CLANG_WARN_DIRECT_OBJC_ISA_USAGE = YES_ERROR;
				CLANG_WARN_DOCUMENTATION_COMMENTS = YES;
				CLANG_WARN_EMPTY_BODY = YES;
				CLANG_WARN_ENUM_CONVERSION = YES;
				CLANG_WARN_INFINITE_RECURSION = YES;
				CLANG_WARN_INT_CONVERSION = YES;
				CLANG_WARN_NON_LITERAL_NULL_CONVERSION = YES;
				CLANG_WARN_OBJC_IMPLICIT_RETAIN_SELF = YES;
				CLANG_WARN_OBJC_LITERAL_CONVERSION = YES;
				CLANG_WARN_OBJC_ROOT_CLASS = YES_ERROR;
				CLANG_WARN_QUOTED_INCLUDE_IN_FRAMEWORK_HEADER = YES;
				CLANG_WARN_RANGE_LOOP_ANALYSIS = YES;
				CLANG_WARN_STRICT_PROTOTYPES = YES;
				CLANG_WARN_SUSPICIOUS_MOVE = YES;
				CLANG_WARN_UNGUARDED_AVAILABILITY = YES_AGGRESSIVE;
				CLANG_WARN_UNREACHABLE_CODE = YES;
				CLANG_WARN__DUPLICATE_METHOD_MATCH = YES;
				COPY_PHASE_STRIP = NO;
				DEBUG_INFORMATION_FORMAT = "dwarf-with-dsym";
				ENABLE_NS_ASSERTIONS = NO;
				ENABLE_STRICT_OBJC_MSGSEND = YES;
				GCC_C_LANGUAGE_STANDARD = gnu11;
				GCC_NO_COMMON_BLOCKS = YES;
				GCC_WARN_64_TO_32_BIT_CONVERSION = YES;
				GCC_WARN_ABOUT_RETURN_TYPE = YES_ERROR;
				GCC_WARN_UNDECLARED_SELECTOR = YES;
				GCC_WARN_UNINITIALIZED_AUTOS = YES_AGGRESSIVE;
				GCC_WARN_UNUSED_FUNCTION = YES;
				GCC_WARN_UNUSED_VARIABLE = YES;
				IPHONEOS_DEPLOYMENT_TARGET = 15.0;
				MTL_ENABLE_DEBUG_INFO = NO;
				MTL_FAST_MATH = YES;
				SDKROOT = iphoneos;
				SWIFT_COMPILATION_MODE = wholemodule;
				SWIFT_OPTIMIZATION_LEVEL = "-O";
				VALIDATE_PRODUCT = YES;
			};
			name = Release;
		};
		D2F7F234272BEC24004D883E /* Debug */ = {
			isa = XCBuildConfiguration;
			buildSettings = {
				ASSETCATALOG_COMPILER_APPICON_NAME = AppIcon;
				ASSETCATALOG_COMPILER_GLOBAL_ACCENT_COLOR_NAME = AccentColor;
				CODE_SIGN_STYLE = Automatic;
				CURRENT_PROJECT_VERSION = 1;
				GENERATE_INFOPLIST_FILE = YES;
				INFOPLIST_FILE = TrendingRepositories/Resources/Info.plist;
				INFOPLIST_KEY_CFBundleDisplayName = "Github Repos";
				INFOPLIST_KEY_UIApplicationSupportsIndirectInputEvents = YES;
				INFOPLIST_KEY_UILaunchStoryboardName = LaunchScreen;
				INFOPLIST_KEY_UIMainStoryboardFile = Main;
				INFOPLIST_KEY_UISupportedInterfaceOrientations_iPad = "UIInterfaceOrientationPortrait UIInterfaceOrientationPortraitUpsideDown UIInterfaceOrientationLandscapeLeft UIInterfaceOrientationLandscapeRight";
				INFOPLIST_KEY_UISupportedInterfaceOrientations_iPhone = "UIInterfaceOrientationPortrait UIInterfaceOrientationLandscapeLeft UIInterfaceOrientationLandscapeRight";
				LD_RUNPATH_SEARCH_PATHS = (
					"$(inherited)",
					"@executable_path/Frameworks",
				);
				MARKETING_VERSION = 1.0;
				PRODUCT_BUNDLE_IDENTIFIER = TelemTobi.TrendingRepositories;
				PRODUCT_NAME = "$(TARGET_NAME)";
				SWIFT_EMIT_LOC_STRINGS = YES;
				SWIFT_VERSION = 5.0;
				TARGETED_DEVICE_FAMILY = "1,2";
			};
			name = Debug;
		};
		D2F7F235272BEC24004D883E /* Release */ = {
			isa = XCBuildConfiguration;
			buildSettings = {
				ASSETCATALOG_COMPILER_APPICON_NAME = AppIcon;
				ASSETCATALOG_COMPILER_GLOBAL_ACCENT_COLOR_NAME = AccentColor;
				CODE_SIGN_STYLE = Automatic;
				CURRENT_PROJECT_VERSION = 1;
				GENERATE_INFOPLIST_FILE = YES;
				INFOPLIST_FILE = TrendingRepositories/Resources/Info.plist;
				INFOPLIST_KEY_CFBundleDisplayName = "Github Repos";
				INFOPLIST_KEY_UIApplicationSupportsIndirectInputEvents = YES;
				INFOPLIST_KEY_UILaunchStoryboardName = LaunchScreen;
				INFOPLIST_KEY_UIMainStoryboardFile = Main;
				INFOPLIST_KEY_UISupportedInterfaceOrientations_iPad = "UIInterfaceOrientationPortrait UIInterfaceOrientationPortraitUpsideDown UIInterfaceOrientationLandscapeLeft UIInterfaceOrientationLandscapeRight";
				INFOPLIST_KEY_UISupportedInterfaceOrientations_iPhone = "UIInterfaceOrientationPortrait UIInterfaceOrientationLandscapeLeft UIInterfaceOrientationLandscapeRight";
				LD_RUNPATH_SEARCH_PATHS = (
					"$(inherited)",
					"@executable_path/Frameworks",
				);
				MARKETING_VERSION = 1.0;
				PRODUCT_BUNDLE_IDENTIFIER = TelemTobi.TrendingRepositories;
				PRODUCT_NAME = "$(TARGET_NAME)";
				SWIFT_EMIT_LOC_STRINGS = YES;
				SWIFT_VERSION = 5.0;
				TARGETED_DEVICE_FAMILY = "1,2";
			};
			name = Release;
		};
/* End XCBuildConfiguration section */

/* Begin XCConfigurationList section */
		D2F7F21A272BEC22004D883E /* Build configuration list for PBXProject "TrendingRepositories" */ = {
			isa = XCConfigurationList;
			buildConfigurations = (
				D2F7F231272BEC24004D883E /* Debug */,
				D2F7F232272BEC24004D883E /* Release */,
			);
			defaultConfigurationIsVisible = 0;
			defaultConfigurationName = Release;
		};
		D2F7F233272BEC24004D883E /* Build configuration list for PBXNativeTarget "TrendingRepositories" */ = {
			isa = XCConfigurationList;
			buildConfigurations = (
				D2F7F234272BEC24004D883E /* Debug */,
				D2F7F235272BEC24004D883E /* Release */,
			);
			defaultConfigurationIsVisible = 0;
			defaultConfigurationName = Release;
		};
/* End XCConfigurationList section */
	};
	rootObject = D2F7F217272BEC22004D883E /* Project object */;
}
